
Microsoft Visual Studio Solution File, Format Version 12.00
# Visual Studio 15
VisualStudioVersion = 15.0.27004.2009
MinimumVisualStudioVersion = 10.0.40219.1
Project("{FAE04EC0-301F-11D3-BF4B-00C04F79EFBC}") = "AuthorizationServer", "AuthorizationServer\AuthorizationServer.csproj", "{87AA6A07-C3DE-4E0E-B556-18319AAA3140}"
EndProject
Project("{FAE04EC0-301F-11D3-BF4B-00C04F79EFBC}") = "AuthorizationServerV2", "AuthorizationServerV2\AuthorizationServerV2.csproj", "{E9DDC6F2-06E5-4AF9-9353-C3EE1081A5D8}"
EndProject
Global
	GlobalSection(SolutionConfigurationPlatforms) = preSolution
		Debug|Any CPU = Debug|Any CPU
		Release|Any CPU = Release|Any CPU
	EndGlobalSection
	GlobalSection(ProjectConfigurationPlatforms) = postSolution
		{87AA6A07-C3DE-4E0E-B556-18319AAA3140}.Debug|Any CPU.ActiveCfg = Debug|Any CPU
		{87AA6A07-C3DE-4E0E-B556-18319AAA3140}.Debug|Any CPU.Build.0 = Debug|Any CPU
		{87AA6A07-C3DE-4E0E-B556-18319AAA3140}.Release|Any CPU.ActiveCfg = Release|Any CPU
		{87AA6A07-C3DE-4E0E-B556-18319AAA3140}.Release|Any CPU.Build.0 = Release|Any CPU
		{E9DDC6F2-06E5-4AF9-9353-C3EE1081A5D8}.Debug|Any CPU.ActiveCfg = Debug|Any CPU
		{E9DDC6F2-06E5-4AF9-9353-C3EE1081A5D8}.Debug|Any CPU.Build.0 = Debug|Any CPU
		{E9DDC6F2-06E5-4AF9-9353-C3EE1081A5D8}.Release|Any CPU.ActiveCfg = Release|Any CPU
		{E9DDC6F2-06E5-4AF9-9353-C3EE1081A5D8}.Release|Any CPU.Build.0 = Release|Any CPU
	EndGlobalSection
	GlobalSection(SolutionProperties) = preSolution
		HideSolutionNode = FALSE
	EndGlobalSection
	GlobalSection(ExtensibilityGlobals) = postSolution
		SolutionGuid = {D35341BD-A7A3-4C87-9F1E-D97F0E56C423}
	EndGlobalSection
EndGlobal
